
Microsoft Visual Studio Solution File, Format Version 12.00
# Visual Studio 15
VisualStudioVersion = 15.0.28307.329
MinimumVisualStudioVersion = 10.0.40219.1
Project("{FAE04EC0-301F-11D3-BF4B-00C04F79EFBC}") = "GitRepoDemo", "GitRepoDemo\GitRepoDemo.csproj", "{58770E33-E326-4594-9534-2EBEB8347300}"
EndProject
Global
	GlobalSection(SolutionConfigurationPlatforms) = preSolution
		Debug|Any CPU = Debug|Any CPU
		Release|Any CPU = Release|Any CPU
	EndGlobalSection
	GlobalSection(ProjectConfigurationPlatforms) = postSolution
		{58770E33-E326-4594-9534-2EBEB8347300}.Debug|Any CPU.ActiveCfg = Debug|Any CPU
		{58770E33-E326-4594-9534-2EBEB8347300}.Debug|Any CPU.Build.0 = Debug|Any CPU
		{58770E33-E326-4594-9534-2EBEB8347300}.Release|Any CPU.ActiveCfg = Release|Any CPU
		{58770E33-E326-4594-9534-2EBEB8347300}.Release|Any CPU.Build.0 = Release|Any CPU
	EndGlobalSection
	GlobalSection(SolutionProperties) = preSolution
		HideSolutionNode = FALSE
	EndGlobalSection
	GlobalSection(ExtensibilityGlobals) = postSolution
		SolutionGuid = {19F10DD9-BA75-4E6B-9533-4A112BF7AF0E}
	EndGlobalSection
EndGlobal
